
Microsoft Visual Studio Solution File, Format Version 12.00
# Visual Studio 15
VisualStudioVersion = 15.0.27130.2003
MinimumVisualStudioVersion = 10.0.40219.1
Project("{8BC9CEB8-8B4A-11D0-8D11-00A0C91BC942}") = "ShaderTool", "ShaderTool.vcxproj", "{8D7CAD35-3A56-4A79-A9E7-E0060DF1831C}"
EndProject
Project("{8BC9CEB8-8B4A-11D0-8D11-00A0C91BC942}") = "PathManager", "..\PathManager\PathManager.vcxproj", "{03FDCA57-40FF-4F6F-A391-1ED6EF725689}"
EndProject
Global
	GlobalSection(SolutionConfigurationPlatforms) = preSolution
		Debug|x64 = Debug|x64
		Debug|x86 = Debug|x86
		Release|x64 = Release|x64
		Release|x86 = Release|x86
	EndGlobalSection
	GlobalSection(ProjectConfigurationPlatforms) = postSolution
		{8D7CAD35-3A56-4A79-A9E7-E0060DF1831C}.Debug|x64.ActiveCfg = Debug|x64
		{8D7CAD35-3A56-4A79-A9E7-E0060DF1831C}.Debug|x64.Build.0 = Debug|x64
		{8D7CAD35-3A56-4A79-A9E7-E0060DF1831C}.Debug|x86.ActiveCfg = Debug|Win32
		{8D7CAD35-3A56-4A79-A9E7-E0060DF1831C}.Debug|x86.Build.0 = Debug|Win32
		{8D7CAD35-3A56-4A79-A9E7-E0060DF1831C}.Release|x64.ActiveCfg = Release|x64
		{8D7CAD35-3A56-4A79-A9E7-E0060DF1831C}.Release|x64.Build.0 = Release|x64
		{8D7CAD35-3A56-4A79-A9E7-E0060DF1831C}.Release|x86.ActiveCfg = Release|Win32
		{8D7CAD35-3A56-4A79-A9E7-E0060DF1831C}.Release|x86.Build.0 = Release|Win32
		{03FDCA57-40FF-4F6F-A391-1ED6EF725689}.Debug|x64.ActiveCfg = Debug|x64
		{03FDCA57-40FF-4F6F-A391-1ED6EF725689}.Debug|x64.Build.0 = Debug|x64
		{03FDCA57-40FF-4F6F-A391-1ED6EF725689}.Debug|x86.ActiveCfg = Debug|Win32
		{03FDCA57-40FF-4F6F-A391-1ED6EF725689}.Debug|x86.Build.0 = Debug|Win32
		{03FDCA57-40FF-4F6F-A391-1ED6EF725689}.Release|x64.ActiveCfg = Release|x64
		{03FDCA57-40FF-4F6F-A391-1ED6EF725689}.Release|x64.Build.0 = Release|x64
		{03FDCA57-40FF-4F6F-A391-1ED6EF725689}.Release|x86.ActiveCfg = Release|Win32
		{03FDCA57-40FF-4F6F-A391-1ED6EF725689}.Release|x86.Build.0 = Release|Win32
	EndGlobalSection
	GlobalSection(SolutionProperties) = preSolution
		HideSolutionNode = FALSE
	EndGlobalSection
	GlobalSection(ExtensibilityGlobals) = postSolution
		SolutionGuid = {4B3B208C-7506-40FE-AB7C-7456F4BA0C2E}
	EndGlobalSection
EndGlobal
